
Microsoft Visual Studio Solution File, Format Version 12.00
# Visual Studio Version 17
VisualStudioVersion = 17.8.34511.84
MinimumVisualStudioVersion = 10.0.40219.1
Project("{FAE04EC0-301F-11D3-BF4B-00C04F79EFBC}") = "Day13", "Day13\Day13.csproj", "{C7A40061-12EE-4750-8C0A-90BFFB012F4D}"
EndProject
Global
	GlobalSection(SolutionConfigurationPlatforms) = preSolution
		Debug|Any CPU = Debug|Any CPU
		Release|Any CPU = Release|Any CPU
	EndGlobalSection
	GlobalSection(ProjectConfigurationPlatforms) = postSolution
		{C7A40061-12EE-4750-8C0A-90BFFB012F4D}.Debug|Any CPU.ActiveCfg = Debug|Any CPU
		{C7A40061-12EE-4750-8C0A-90BFFB012F4D}.Debug|Any CPU.Build.0 = Debug|Any CPU
		{C7A40061-12EE-4750-8C0A-90BFFB012F4D}.Release|Any CPU.ActiveCfg = Release|Any CPU
		{C7A40061-12EE-4750-8C0A-90BFFB012F4D}.Release|Any CPU.Build.0 = Release|Any CPU
	EndGlobalSection
	GlobalSection(SolutionProperties) = preSolution
		HideSolutionNode = FALSE
	EndGlobalSection
	GlobalSection(ExtensibilityGlobals) = postSolution
		SolutionGuid = {9D08E29B-4F1A-48DE-BAE8-C51C16177D86}
	EndGlobalSection
EndGlobal
